
Microsoft Visual Studio Solution File, Format Version 12.00
# Visual Studio Version 17
VisualStudioVersion = 17.4.33801.306
MinimumVisualStudioVersion = 10.0.40219.1
Project("{FAE04EC0-301F-11D3-BF4B-00C04F79EFBC}") = "LoadTest_SQLServer", "LoadTest_SQLServer\LoadTest_SQLServer.csproj", "{217BB9D3-07BF-4EB1-9B2C-2C07DA9723DE}"
EndProject
Global
	GlobalSection(SolutionConfigurationPlatforms) = preSolution
		Debug|Any CPU = Debug|Any CPU
		Release|Any CPU = Release|Any CPU
	EndGlobalSection
	GlobalSection(ProjectConfigurationPlatforms) = postSolution
		{217BB9D3-07BF-4EB1-9B2C-2C07DA9723DE}.Debug|Any CPU.ActiveCfg = Debug|Any CPU
		{217BB9D3-07BF-4EB1-9B2C-2C07DA9723DE}.Debug|Any CPU.Build.0 = Debug|Any CPU
		{217BB9D3-07BF-4EB1-9B2C-2C07DA9723DE}.Release|Any CPU.ActiveCfg = Release|Any CPU
		{217BB9D3-07BF-4EB1-9B2C-2C07DA9723DE}.Release|Any CPU.Build.0 = Release|Any CPU
	EndGlobalSection
	GlobalSection(SolutionProperties) = preSolution
		HideSolutionNode = FALSE
	EndGlobalSection
	GlobalSection(ExtensibilityGlobals) = postSolution
		SolutionGuid = {B111F385-2B16-441A-BD60-2184A6557AE3}
	EndGlobalSection
EndGlobal
